
Microsoft Visual Studio Solution File, Format Version 12.00
# Visual Studio Version 16
VisualStudioVersion = 16.0.29926.136
MinimumVisualStudioVersion = 10.0.40219.1
Project("{FAE04EC0-301F-11D3-BF4B-00C04F79EFBC}") = "HW03.Task1", "HW03.Task1\HW03.Task1.csproj", "{14546C2A-6727-4F41-9D49-1C458549DABA}"
EndProject
Global
	GlobalSection(SolutionConfigurationPlatforms) = preSolution
		Debug|Any CPU = Debug|Any CPU
		Release|Any CPU = Release|Any CPU
	EndGlobalSection
	GlobalSection(ProjectConfigurationPlatforms) = postSolution
		{14546C2A-6727-4F41-9D49-1C458549DABA}.Debug|Any CPU.ActiveCfg = Debug|Any CPU
		{14546C2A-6727-4F41-9D49-1C458549DABA}.Debug|Any CPU.Build.0 = Debug|Any CPU
		{14546C2A-6727-4F41-9D49-1C458549DABA}.Release|Any CPU.ActiveCfg = Release|Any CPU
		{14546C2A-6727-4F41-9D49-1C458549DABA}.Release|Any CPU.Build.0 = Release|Any CPU
	EndGlobalSection
	GlobalSection(SolutionProperties) = preSolution
		HideSolutionNode = FALSE
	EndGlobalSection
	GlobalSection(ExtensibilityGlobals) = postSolution
		SolutionGuid = {7DDAD287-09F9-4B7E-AF29-F1E6E51F7044}
	EndGlobalSection
EndGlobal
